PODS:
  - AFNetworking (2.5.1):
    - AFNetworking/NSURLConnection (= 2.5.1)
    - AFNetworking/NSURLSession (= 2.5.1)
    - AFNetworking/Reachability (= 2.5.1)
    - AFNetworking/Security (= 2.5.1)
    - AFNetworking/Serialization (= 2.5.1)
    - AFNetworking/UIKit (= 2.5.1)
  - AFNetworking/NSURLConnection (2.5.1):
    - AFNetworking/Reachability
    - AFNetworking/Security
    - AFNetworking/Serialization
  - AFNetworking/NSURLSession (2.5.1):
    - AFNetworking/Reachability
    - AFNetworking/Security
    - AFNetworking/Serialization
  - AFNetworking/Reachability (2.5.1)
  - AFNetworking/Security (2.5.1)
  - AFNetworking/Serialization (2.5.1)
  - AFNetworking/UIKit (2.5.1):
    - AFNetworking/NSURLConnection
    - AFNetworking/NSURLSession
  - AKPickerView (0.2.4)
  - AuthKit (0.5.0):
    - AuthKit/Core (= 0.5.0)
    - AuthKit/Crashlytics (= 0.5.0)
    - AuthKit/Facebook (= 0.5.0)
    - AuthKit/GitHub (= 0.5.0)
    - AuthKit/Google (= 0.5.0)
    - AuthKit/Interface (= 0.5.0)
    - AuthKit/OAuth (= 0.5.0)
    - AuthKit/Persistence (= 0.5.0)
  - AuthKit/Core (0.5.0):
    - AFNetworking (~> 2.0)
    - JSONModel
  - AuthKit/Crashlytics (0.5.0):
    - AuthKit/Core
  - AuthKit/Facebook (0.5.0):
    - Facebook-iOS-SDK (~> 3.x)
  - AuthKit/GitHub (0.5.0):
    - AuthKit/Core
  - AuthKit/Google (0.5.0):
    - googleplus-ios-sdk
  - AuthKit/Interface (0.5.0):
    - AKPickerView
    - AuthKit/Core
    - Haystack
    - PureLayout
  - AuthKit/OAuth (0.5.0):
    - AuthKit/Core
  - AuthKit/Persistence (0.5.0):
    - AuthKit/Core
    - Haystack
    - SSKeychain
  - Bolts (1.1.4)
  - Facebook-iOS-SDK (3.23.2):
    - Bolts (~> 1.0)
  - googleplus-ios-sdk (1.7.1)
  - Haystack (0.8.0)
  - JSONModel (1.0.2)
  - PureLayout (2.0.5)
  - SSKeychain (1.2.2)

DEPENDENCIES:
  - AuthKit (from `../AuthKit.podspec`)

EXTERNAL SOURCES:
  AuthKit:
    :path: ../AuthKit.podspec

SPEC CHECKSUMS:
  AFNetworking: 8bee59492a6ff15d69130efa4d0dc67e0094a52a
  AKPickerView: e999492a4fff7516d60ede4dc286dd1086871fb3
  AuthKit: c93fa7aa19233c7d40f29830b399130893f4018a
  Bolts: dd9fb8433d67f5acc3b6b4d1379bbc5513d716c1
  Facebook-iOS-SDK: cd87f0b2f0c1d9574b44e8fa2baacc275524bac3
  googleplus-ios-sdk: b0f6cd8aa29c51d0048cace8dc3bd8f4ae0806bb
  Haystack: fe02b6661942b3d36ebdcddc4eae52cac391b6ae
  JSONModel: cbdef0fdff1cc70e913a860861d3072860efd3a1
  PureLayout: 63a3257320223e8edddcd3afb407445f85a6bf74
  SSKeychain: cc48bd3ad24fcd9125adb9e0d23dd50b8bbd08b9

COCOAPODS: 0.36.0
