PODS:
  - AFNetworking (2.3.1):
    - AFNetworking/NSURLConnection
    - AFNetworking/NSURLSession
    - AFNetworking/Reachability
    - AFNetworking/Security
    - AFNetworking/Serialization
    - AFNetworking/UIKit
  - AFNetworking/NSURLConnection (2.3.1):
    - AFNetworking/Reachability
    - AFNetworking/Security
    - AFNetworking/Serialization
  - AFNetworking/NSURLSession (2.3.1):
    - AFNetworking/Reachability
    - AFNetworking/Security
    - AFNetworking/Serialization
  - AFNetworking/Reachability (2.3.1)
  - AFNetworking/Security (2.3.1)
  - AFNetworking/Serialization (2.3.1)
  - AFNetworking/UIKit (2.3.1):
    - AFNetworking/NSURLConnection
    - AFNetworking/NSURLSession
  - AuthKit (0.1.0):
    - AuthKit/Core
    - AuthKit/GitHub
  - AuthKit/Core (0.1.0):
    - AFNetworking (~> 2.0)
  - AuthKit/GitHub (0.1.0):
    - AuthKit/Core
    - JSONModel
  - JSONModel (0.13.0)

DEPENDENCIES:
  - AuthKit (from `../AuthKit.podspec`)

EXTERNAL SOURCES:
  AuthKit:
    :path: ../AuthKit.podspec

SPEC CHECKSUMS:
  AFNetworking: 6d7b76aa5d04c8c37daad3eef4b7e3f2a7620da3
  AuthKit: d8bf87cb0636ae519a726c0736709707678e9876
  JSONModel: 62ea96b49ea18a8b91ef89c249dba291d8601d82

COCOAPODS: 0.33.1
