PODS:
  - AFNetworking (2.5.3):
    - AFNetworking/NSURLConnection (= 2.5.3)
    - AFNetworking/NSURLSession (= 2.5.3)
    - AFNetworking/Reachability (= 2.5.3)
    - AFNetworking/Security (= 2.5.3)
    - AFNetworking/Serialization (= 2.5.3)
    - AFNetworking/UIKit (= 2.5.3)
  - AFNetworking/NSURLConnection (2.5.3):
    - AFNetworking/Reachability
    - AFNetworking/Security
    - AFNetworking/Serialization
  - AFNetworking/NSURLSession (2.5.3):
    - AFNetworking/Reachability
    - AFNetworking/Security
    - AFNetworking/Serialization
  - AFNetworking/Reachability (2.5.3)
  - AFNetworking/Security (2.5.3)
  - AFNetworking/Serialization (2.5.3)
  - AFNetworking/UIKit (2.5.3):
    - AFNetworking/NSURLConnection
    - AFNetworking/NSURLSession
  - AKPickerView (0.2.4)
  - AuthKit (0.7.0):
    - AuthKit/Core (= 0.7.0)
    - AuthKit/Crashlytics (= 0.7.0)
    - AuthKit/Facebook (= 0.7.0)
    - AuthKit/GitHub (= 0.7.0)
    - AuthKit/Google (= 0.7.0)
    - AuthKit/Interface (= 0.7.0)
    - AuthKit/LinkedIn (= 0.7.0)
    - AuthKit/Live (= 0.7.0)
    - AuthKit/OAuth (= 0.7.0)
    - AuthKit/Persistence (= 0.7.0)
    - AuthKit/Twitter (= 0.7.0)
  - AuthKit/Core (0.7.0):
    - AFNetworking (~> 2.x)
    - JSONModel
  - AuthKit/Crashlytics (0.7.0):
    - AuthKit/Core
  - AuthKit/Facebook (0.7.0):
    - AuthKit/Core
    - AuthKit/OAuth
    - FBSDKLoginKit
  - AuthKit/GitHub (0.7.0):
    - AuthKit/Core
  - AuthKit/Google (0.7.0):
    - AuthKit/Core
    - AuthKit/OAuth
    - googleplus-ios-sdk
  - AuthKit/Interface (0.7.0):
    - AKPickerView
    - AuthKit/Core
    - AuthKit/OAuth
    - Haystack
    - PureLayout
  - AuthKit/LinkedIn (0.7.0):
    - AuthKit/Core
    - AuthKit/OAuth
    - IOSLinkedInAPI
  - AuthKit/Live (0.7.0):
    - AuthKit/Core
    - AuthKit/OAuth
    - LiveSDK
  - AuthKit/OAuth (0.7.0):
    - AuthKit/Core
  - AuthKit/Persistence (0.7.0):
    - AuthKit/Core
    - Haystack
    - SSKeychain
  - AuthKit/Twitter (0.7.0):
    - AuthKit/Core
    - AuthKit/OAuth
    - STTwitter
  - Bolts (1.1.5):
    - Bolts/AppLinks (= 1.1.5)
    - Bolts/Tasks (= 1.1.5)
  - Bolts/AppLinks (1.1.5):
    - Bolts/Tasks
  - Bolts/Tasks (1.1.5)
  - FBSDKCoreKit (4.1.0):
    - Bolts (~> 1.1)
    - FBSDKCoreKit/arc (= 4.1.0)
    - FBSDKCoreKit/no-arc (= 4.1.0)
  - FBSDKCoreKit/arc (4.1.0):
    - Bolts (~> 1.1)
  - FBSDKCoreKit/no-arc (4.1.0):
    - Bolts (~> 1.1)
    - FBSDKCoreKit/arc
  - FBSDKLoginKit (4.1.0):
    - FBSDKCoreKit
  - googleplus-ios-sdk (1.7.1)
  - Haystack (0.8.2)
  - IOSLinkedInAPI (2.0.0):
    - AFNetworking (>= 2.0.0)
  - JSONModel (1.0.2)
  - LiveSDK (5.6.1)
  - PureLayout (2.0.6)
  - SSKeychain (1.2.3)
  - STTwitter (0.2.0)

DEPENDENCIES:
  - AuthKit (from `../AuthKit.podspec`)

EXTERNAL SOURCES:
  AuthKit:
    :path: "../AuthKit.podspec"

SPEC CHECKSUMS:
  AFNetworking: e1d86c2a96bb5d2e7408da36149806706ee122fe
  AKPickerView: 839064418c8774f17ed18e85418919708a266916
  AuthKit: 144fd40fd2757b001fef53baa62c227f928b2203
  Bolts: aac24961496d504aa56fc267cde95162a71bac39
  FBSDKCoreKit: 469ed167195f860dbd2b4c4bbaa33d2e90598db9
  FBSDKLoginKit: ff6224762732e3698f30942e4544321b8c7a23e6
  googleplus-ios-sdk: 065d9135061a5f84c07656a68ced48336408fe35
  Haystack: 4e55cd99706c04f0c92ef5c61a9bf7f55fa5b1a0
  IOSLinkedInAPI: d0adc664472d471b0df9b2aad92a2d82de926c40
  JSONModel: 6ffcb4ffa3659c9e9a2e5d45d6c7705bab187c03
  LiveSDK: 2627cf5872b33b3d960df27082a9a17afb74835d
  PureLayout: f25f0bb904d5ccfe6e31da3cb869185259f02e0d
  SSKeychain: 3f42991739c6c60a9cf1bbd4dff6c0d3694bcf3d
  STTwitter: 4fda61d0a96c707f94df85677b1a4aedbcec6fcd

COCOAPODS: 0.37.0
